{
  "version": 4,
  "terraform_version": "1.13.1",
  "serial": 77,
  "lineage": "eee3ee7c-9ecc-df46-2af3-27b09b09e74e",
  "outputs": {
    "payment_type_policy_tag_name": {
      "value": "projects/astrafy-de-proj/locations/us/taxonomies/5135790950545886483/policyTags/6936652355803825522",
      "type": "string"
    }
  },
  "resources": [
    {
      "mode": "managed",
      "type": "google_bigquery_data_transfer_config",
      "name": "weather_loader",
      "provider": "provider[\"registry.terraform.io/hashicorp/google\"]",
      "instances": [
        {
          "schema_version": 0,
          "attributes": {
            "data_refresh_window_days": 0,
            "data_source_id": "scheduled_query",
            "destination_dataset_id": "taxi_raw",
            "disabled": false,
            "display_name": "weather_daily_chicago",
            "email_preferences": [],
            "id": "projects/56206420240/locations/us/transferConfigs/68f04917-0000-257e-a07c-7474463f121d",
            "location": "US",
            "name": "projects/56206420240/locations/us/transferConfigs/68f04917-0000-257e-a07c-7474463f121d",
            "notification_pubsub_topic": "",
            "params": {
              "query": "   -- Merge daily weather for Chicago O'Hare (USAF 725300, WBAN 94846)\r\n   -- Source: bigquery-public-data.noaa_gsod.gsod2023 \r\n\r\n   MERGE `astrafy-de-proj.taxi_raw.weather_daily` T\r\n   USING (\r\n     WITH gsod AS (\r\n       SELECT\r\n         DATE(CONCAT(CAST(year AS STRING), '-', CAST(mo AS STRING), '-', CAST(da AS STRING))) AS weather_date,\r\n         stn, wban,\r\n         CAST(NULLIF(temp, 9999.9) AS FLOAT64) AS mean_f,\r\n         CAST(NULLIF(max,  9999.9) AS FLOAT64) AS max_f,\r\n         CAST(NULLIF(min,  9999.9) AS FLOAT64) AS min_f,\r\n         CAST(NULLIF(CAST(mxpsd AS FLOAT64), 999.9) AS FLOAT64)  AS wind_max,\r\n         CAST(NULLIF(CAST(wdsp  AS FLOAT64), 999.9)  AS FLOAT64) AS wind_avg,\r\n         CAST(NULLIF(prcp, 99.99)  AS FLOAT64) AS prcp\r\n       FROM `bigquery-public-data.noaa_gsod.gsod2023`\r\n       WHERE stn = '725300' AND wban = '94846'  -- Chicago O'Hare\r\n         -- AND _TABLE_SUFFIX BETWEEN '2023' AND FORMAT_DATE('%Y', CURRENT_DATE())\r\n     )\r\n     SELECT\r\n       weather_date,\r\n       CONCAT(stn, '-', wban) AS station_id,\r\n       SAFE_DIVIDE((mean_f - 32) * 5, 9)  AS t_avg_c,\r\n       SAFE_DIVIDE((min_f  - 32) * 5, 9)  AS t_min_c,\r\n       SAFE_DIVIDE((max_f  - 32) * 5, 9)  AS t_max_c,\r\nwind_max * 1.852 \t\t     AS wind_max_kmh,\r\nwind_avg * 1.852\t\t     AS wind_avg_kmh,\r\n       prcp * 25.4                        AS prcp_mm\r\n     FROM gsod\r\n     WHERE weather_date BETWEEN '2023-06-01' AND DATE_SUB(CURRENT_DATE(), INTERVAL 1 DAY)\r\n   ) S\r\n   ON T.weather_date = S.weather_date AND T.station_id = S.station_id\r\n   WHEN MATCHED THEN\r\n     UPDATE SET\r\n       temp_avg_c = S.t_avg_c, temp_min_c = S.t_min_c, temp_max_c = S.t_max_c, wind_max = S.wind_max_kmh, wind_avg = S.wind_avg_kmh, prcp_mm = S.prcp_mm\r\n   WHEN NOT MATCHED THEN\r\n     INSERT (weather_date, station_id, temp_avg_c, temp_min_c, temp_max_c, wind_max, wind_avg, prcp_mm)\r\n     VALUES (S.weather_date, S.station_id, S.t_avg_c, S.t_min_c, S.t_max_c, S.wind_max_kmh, S.wind_avg_kmh, S.prcp_mm);\r\n"
            },
            "project": "astrafy-de-proj",
            "schedule": "every 24 hours",
            "schedule_options": [],
            "sensitive_params": [],
            "service_account_name": "bq-transfer-sched@astrafy-de-proj.iam.gserviceaccount.com",
            "timeouts": null
          },
          "sensitive_attributes": [],
          "identity_schema_version": 0,
          "private": "eyJlMmJmYjczMC1lY2FhLTExZTYtOGY4OC0zNDM2M2JjN2M0YzAiOnsiY3JlYXRlIjoxMjAwMDAwMDAwMDAwLCJkZWxldGUiOjEyMDAwMDAwMDAwMDAsInVwZGF0ZSI6MTIwMDAwMDAwMDAwMH19",
          "dependencies": [
            "google_bigquery_dataset.raw",
            "google_bigquery_dataset_iam_member.bq_transfer_dataset_owner",
            "google_bigquery_table.weather_daily",
            "google_project_iam_member.bq_transfer_job_user",
            "google_project_iam_member.bq_transfer_user",
            "google_project_service.bigquery_datatransfer",
            "google_service_account.bq_transfer"
          ]
        }
      ]
    },
    {
      "mode": "managed",
      "type": "google_bigquery_dataset",
      "name": "raw",
      "provider": "provider[\"registry.terraform.io/hashicorp/google\"]",
      "instances": [
        {
          "schema_version": 0,
          "attributes": {
            "access": [
              {
                "dataset": [],
                "domain": "",
                "group_by_email": "",
                "iam_member": "",
                "role": "OWNER",
                "routine": [],
                "special_group": "",
                "user_by_email": "gatto.raul04@gmail.com",
                "view": []
              },
              {
                "dataset": [],
                "domain": "",
                "group_by_email": "",
                "iam_member": "",
                "role": "OWNER",
                "routine": [],
                "special_group": "projectOwners",
                "user_by_email": "",
                "view": []
              },
              {
                "dataset": [],
                "domain": "",
                "group_by_email": "",
                "iam_member": "",
                "role": "READER",
                "routine": [],
                "special_group": "projectReaders",
                "user_by_email": "",
                "view": []
              },
              {
                "dataset": [],
                "domain": "",
                "group_by_email": "",
                "iam_member": "",
                "role": "WRITER",
                "routine": [],
                "special_group": "projectWriters",
                "user_by_email": "",
                "view": []
              }
            ],
            "creation_time": 1758375893588,
            "dataset_id": "taxi_raw",
            "default_collation": "",
            "default_encryption_configuration": [],
            "default_partition_expiration_ms": 0,
            "default_table_expiration_ms": 0,
            "delete_contents_on_destroy": true,
            "description": "",
            "effective_labels": {},
            "etag": "qqCInI0k9qVOI4lXTyeSYw==",
            "external_dataset_reference": [],
            "friendly_name": "",
            "id": "projects/astrafy-de-proj/datasets/taxi_raw",
            "is_case_insensitive": false,
            "labels": null,
            "last_modified_time": 1758375893588,
            "location": "US",
            "max_time_travel_hours": "168",
            "project": "astrafy-de-proj",
            "resource_tags": null,
            "self_link": "https://bigquery.googleapis.com/bigquery/v2/projects/astrafy-de-proj/datasets/taxi_raw",
            "storage_billing_model": "",
            "terraform_labels": {},
            "timeouts": null
          },
          "sensitive_attributes": [],
          "identity_schema_version": 0,
          "private": "eyJlMmJmYjczMC1lY2FhLTExZTYtOGY4OC0zNDM2M2JjN2M0YzAiOnsiY3JlYXRlIjoxMjAwMDAwMDAwMDAwLCJkZWxldGUiOjEyMDAwMDAwMDAwMDAsInVwZGF0ZSI6MTIwMDAwMDAwMDAwMH19"
        }
      ]
    },
    {
      "mode": "managed",
      "type": "google_bigquery_dataset_iam_member",
      "name": "bq_transfer_dataset_owner",
      "provider": "provider[\"registry.terraform.io/hashicorp/google\"]",
      "instances": [
        {
          "schema_version": 0,
          "attributes": {
            "condition": [],
            "dataset_id": "taxi_raw",
            "etag": "",
            "id": "projects/astrafy-de-proj/datasets/taxi_raw/roles/bigquery.dataOwner/serviceAccount:bq-transfer-sched@astrafy-de-proj.iam.gserviceaccount.com",
            "member": "serviceAccount:bq-transfer-sched@astrafy-de-proj.iam.gserviceaccount.com",
            "project": "astrafy-de-proj",
            "role": "roles/bigquery.dataOwner"
          },
          "sensitive_attributes": [],
          "identity_schema_version": 0,
          "private": "bnVsbA==",
          "dependencies": [
            "google_bigquery_dataset.raw",
            "google_service_account.bq_transfer"
          ]
        }
      ]
    },
    {
      "mode": "managed",
      "type": "google_bigquery_table",
      "name": "weather_daily",
      "provider": "provider[\"registry.terraform.io/hashicorp/google\"]",
      "instances": [
        {
          "schema_version": 0,
          "attributes": {
            "allow_resource_tags_on_deletion": false,
            "clustering": null,
            "creation_time": 1758375894342,
            "dataset_id": "taxi_raw",
            "deletion_protection": false,
            "description": "",
            "effective_labels": {},
            "encryption_configuration": [],
            "etag": "ZdBb5FMo/17SLdzdsXJG+g==",
            "expiration_time": 0,
            "external_data_configuration": [],
            "friendly_name": "",
            "id": "projects/astrafy-de-proj/datasets/taxi_raw/tables/weather_daily",
            "labels": null,
            "last_modified_time": 1758375894435,
            "location": "US",
            "materialized_view": [],
            "max_staleness": "",
            "num_bytes": 0,
            "num_long_term_bytes": 0,
            "num_rows": 0,
            "project": "astrafy-de-proj",
            "range_partitioning": [],
            "require_partition_filter": false,
            "resource_tags": null,
            "schema": "[{\"mode\":\"REQUIRED\",\"name\":\"weather_date\",\"type\":\"DATE\"},{\"mode\":\"REQUIRED\",\"name\":\"station_id\",\"type\":\"STRING\"},{\"mode\":\"NULLABLE\",\"name\":\"temp_avg_c\",\"type\":\"FLOAT\"},{\"mode\":\"NULLABLE\",\"name\":\"temp_min_c\",\"type\":\"FLOAT\"},{\"mode\":\"NULLABLE\",\"name\":\"temp_max_c\",\"type\":\"FLOAT\"},{\"mode\":\"NULLABLE\",\"name\":\"wind_max\",\"type\":\"FLOAT\"},{\"mode\":\"NULLABLE\",\"name\":\"wind_avg\",\"type\":\"FLOAT\"},{\"mode\":\"NULLABLE\",\"name\":\"prcp_mm\",\"type\":\"FLOAT\"}]",
            "self_link": "https://bigquery.googleapis.com/bigquery/v2/projects/astrafy-de-proj/datasets/taxi_raw/tables/weather_daily",
            "table_constraints": [],
            "table_id": "weather_daily",
            "table_replication_info": [],
            "terraform_labels": {},
            "time_partitioning": [
              {
                "expiration_ms": 0,
                "field": "weather_date",
                "require_partition_filter": false,
                "type": "DAY"
              }
            ],
            "type": "TABLE",
            "view": []
          },
          "sensitive_attributes": [],
          "identity_schema_version": 0,
          "private": "bnVsbA==",
          "dependencies": [
            "google_bigquery_dataset.raw"
          ]
        }
      ]
    },
    {
      "mode": "managed",
      "type": "google_data_catalog_policy_tag",
      "name": "pt_payment_type",
      "provider": "provider[\"registry.terraform.io/hashicorp/google\"]",
      "instances": [
        {
          "schema_version": 0,
          "attributes": {
            "child_policy_tags": [],
            "description": "Payment method details",
            "display_name": "SENSITIVE_PAYMENT",
            "id": "projects/astrafy-de-proj/locations/us/taxonomies/5135790950545886483/policyTags/6936652355803825522",
            "name": "projects/astrafy-de-proj/locations/us/taxonomies/5135790950545886483/policyTags/6936652355803825522",
            "parent_policy_tag": "",
            "taxonomy": "projects/astrafy-de-proj/locations/us/taxonomies/5135790950545886483",
            "timeouts": null
          },
          "sensitive_attributes": [],
          "identity_schema_version": 0,
          "private": "eyJlMmJmYjczMC1lY2FhLTExZTYtOGY4OC0zNDM2M2JjN2M0YzAiOnsiY3JlYXRlIjoxMjAwMDAwMDAwMDAwLCJkZWxldGUiOjEyMDAwMDAwMDAwMDAsInVwZGF0ZSI6MTIwMDAwMDAwMDAwMH19",
          "dependencies": [
            "google_data_catalog_taxonomy.security_taxonomy"
          ]
        }
      ]
    },
    {
      "mode": "managed",
      "type": "google_data_catalog_policy_tag_iam_binding",
      "name": "pt_payment_type_reader",
      "provider": "provider[\"registry.terraform.io/hashicorp/google\"]",
      "instances": [
        {
          "schema_version": 0,
          "attributes": {
            "condition": [],
            "etag": "BwY/O8qY1WE=",
            "id": "projects/astrafy-de-proj/locations/us/taxonomies/5135790950545886483/policyTags/6936652355803825522/roles/datacatalog.categoryFineGrainedReader",
            "members": [
              "user:gatto.raul04@gmail.com"
            ],
            "policy_tag": "projects/astrafy-de-proj/locations/us/taxonomies/5135790950545886483/policyTags/6936652355803825522",
            "role": "roles/datacatalog.categoryFineGrainedReader"
          },
          "sensitive_attributes": [],
          "identity_schema_version": 0,
          "private": "bnVsbA==",
          "dependencies": [
            "google_data_catalog_policy_tag.pt_payment_type",
            "google_data_catalog_taxonomy.security_taxonomy"
          ]
        }
      ]
    },
    {
      "mode": "managed",
      "type": "google_data_catalog_taxonomy",
      "name": "security_taxonomy",
      "provider": "provider[\"registry.terraform.io/hashicorp/google\"]",
      "instances": [
        {
          "schema_version": 0,
          "attributes": {
            "activated_policy_types": [],
            "description": "Policy tags for fine-grained access to columns",
            "display_name": "Security",
            "id": "projects/astrafy-de-proj/locations/us/taxonomies/5135790950545886483",
            "name": "projects/astrafy-de-proj/locations/us/taxonomies/5135790950545886483",
            "project": "astrafy-de-proj",
            "region": "us",
            "timeouts": null
          },
          "sensitive_attributes": [],
          "identity_schema_version": 0,
          "private": "eyJlMmJmYjczMC1lY2FhLTExZTYtOGY4OC0zNDM2M2JjN2M0YzAiOnsiY3JlYXRlIjoxMjAwMDAwMDAwMDAwLCJkZWxldGUiOjEyMDAwMDAwMDAwMDAsInVwZGF0ZSI6MTIwMDAwMDAwMDAwMH19"
        }
      ]
    },
    {
      "mode": "managed",
      "type": "google_project_iam_member",
      "name": "bq_transfer_job_user",
      "provider": "provider[\"registry.terraform.io/hashicorp/google\"]",
      "instances": [
        {
          "schema_version": 0,
          "attributes": {
            "condition": [],
            "etag": "BwY/OOfwvNQ=",
            "id": "astrafy-de-proj/roles/bigquery.jobUser/serviceAccount:bq-transfer-sched@astrafy-de-proj.iam.gserviceaccount.com",
            "member": "serviceAccount:bq-transfer-sched@astrafy-de-proj.iam.gserviceaccount.com",
            "project": "astrafy-de-proj",
            "role": "roles/bigquery.jobUser"
          },
          "sensitive_attributes": [],
          "identity_schema_version": 0,
          "private": "bnVsbA==",
          "dependencies": [
            "google_service_account.bq_transfer"
          ]
        }
      ]
    },
    {
      "mode": "managed",
      "type": "google_project_iam_member",
      "name": "bq_transfer_user",
      "provider": "provider[\"registry.terraform.io/hashicorp/google\"]",
      "instances": [
        {
          "schema_version": 0,
          "attributes": {
            "condition": [],
            "etag": "BwY/OOfwvNQ=",
            "id": "astrafy-de-proj/roles/bigquery.user/serviceAccount:bq-transfer-sched@astrafy-de-proj.iam.gserviceaccount.com",
            "member": "serviceAccount:bq-transfer-sched@astrafy-de-proj.iam.gserviceaccount.com",
            "project": "astrafy-de-proj",
            "role": "roles/bigquery.user"
          },
          "sensitive_attributes": [],
          "identity_schema_version": 0,
          "private": "bnVsbA==",
          "dependencies": [
            "google_service_account.bq_transfer"
          ]
        }
      ]
    },
    {
      "mode": "managed",
      "type": "google_project_service",
      "name": "bigquery_datatransfer",
      "provider": "provider[\"registry.terraform.io/hashicorp/google\"]",
      "instances": [
        {
          "schema_version": 0,
          "attributes": {
            "disable_dependent_services": null,
            "disable_on_destroy": true,
            "id": "astrafy-de-proj/bigquerydatatransfer.googleapis.com",
            "project": "astrafy-de-proj",
            "service": "bigquerydatatransfer.googleapis.com",
            "timeouts": null
          },
          "sensitive_attributes": [],
          "identity_schema_version": 0,
          "private": "eyJlMmJmYjczMC1lY2FhLTExZTYtOGY4OC0zNDM2M2JjN2M0YzAiOnsiY3JlYXRlIjoxMjAwMDAwMDAwMDAwLCJkZWxldGUiOjEyMDAwMDAwMDAwMDAsInJlYWQiOjYwMDAwMDAwMDAwMCwidXBkYXRlIjoxMjAwMDAwMDAwMDAwfX0="
        }
      ]
    },
    {
      "mode": "managed",
      "type": "google_project_service",
      "name": "storage",
      "provider": "provider[\"registry.terraform.io/hashicorp/google\"]",
      "instances": [
        {
          "schema_version": 0,
          "attributes": {
            "disable_dependent_services": null,
            "disable_on_destroy": true,
            "id": "astrafy-de-proj/storage.googleapis.com",
            "project": "astrafy-de-proj",
            "service": "storage.googleapis.com",
            "timeouts": null
          },
          "sensitive_attributes": [],
          "identity_schema_version": 0,
          "private": "eyJlMmJmYjczMC1lY2FhLTExZTYtOGY4OC0zNDM2M2JjN2M0YzAiOnsiY3JlYXRlIjoxMjAwMDAwMDAwMDAwLCJkZWxldGUiOjEyMDAwMDAwMDAwMDAsInJlYWQiOjYwMDAwMDAwMDAwMCwidXBkYXRlIjoxMjAwMDAwMDAwMDAwfX0="
        }
      ]
    },
    {
      "mode": "managed",
      "type": "google_service_account",
      "name": "bq_transfer",
      "provider": "provider[\"registry.terraform.io/hashicorp/google\"]",
      "instances": [
        {
          "schema_version": 0,
          "attributes": {
            "account_id": "bq-transfer-sched",
            "create_ignore_already_exists": null,
            "description": "",
            "disabled": false,
            "display_name": "BQ Scheduled Query SA",
            "email": "bq-transfer-sched@astrafy-de-proj.iam.gserviceaccount.com",
            "id": "projects/astrafy-de-proj/serviceAccounts/bq-transfer-sched@astrafy-de-proj.iam.gserviceaccount.com",
            "member": "serviceAccount:bq-transfer-sched@astrafy-de-proj.iam.gserviceaccount.com",
            "name": "projects/astrafy-de-proj/serviceAccounts/bq-transfer-sched@astrafy-de-proj.iam.gserviceaccount.com",
            "project": "astrafy-de-proj",
            "timeouts": null,
            "unique_id": "104130916325719485168"
          },
          "sensitive_attributes": [],
          "identity_schema_version": 0,
          "private": "eyJlMmJmYjczMC1lY2FhLTExZTYtOGY4OC0zNDM2M2JjN2M0YzAiOnsiY3JlYXRlIjozMDAwMDAwMDAwMDB9fQ=="
        }
      ]
    },
    {
      "mode": "managed",
      "type": "google_storage_bucket",
      "name": "raw",
      "provider": "provider[\"registry.terraform.io/hashicorp/google\"]",
      "instances": [
        {
          "schema_version": 2,
          "attributes": {
            "autoclass": [],
            "cors": [],
            "custom_placement_config": [],
            "default_event_based_hold": false,
            "effective_labels": {},
            "enable_object_retention": false,
            "encryption": [],
            "force_destroy": true,
            "id": "astrafy-de-proj-chicago-taxi-raw-987",
            "labels": null,
            "lifecycle_rule": [],
            "location": "US-CENTRAL1",
            "logging": [],
            "name": "astrafy-de-proj-chicago-taxi-raw-987",
            "project": "astrafy-de-proj",
            "project_number": 56206420240,
            "public_access_prevention": "inherited",
            "requester_pays": false,
            "retention_policy": [],
            "rpo": null,
            "self_link": "https://www.googleapis.com/storage/v1/b/astrafy-de-proj-chicago-taxi-raw-987",
            "soft_delete_policy": [
              {
                "effective_time": "2025-09-20T13:44:54.144Z",
                "retention_duration_seconds": 604800
              }
            ],
            "storage_class": "STANDARD",
            "terraform_labels": {},
            "timeouts": null,
            "uniform_bucket_level_access": true,
            "url": "gs://astrafy-de-proj-chicago-taxi-raw-987",
            "versioning": [
              {
                "enabled": true
              }
            ],
            "website": []
          },
          "sensitive_attributes": [],
          "identity_schema_version": 0,
          "private": "eyJlMmJmYjczMC1lY2FhLTExZTYtOGY4OC0zNDM2M2JjN2M0YzAiOnsiY3JlYXRlIjo2MDAwMDAwMDAwMDAsInJlYWQiOjI0MDAwMDAwMDAwMCwidXBkYXRlIjoyNDAwMDAwMDAwMDB9LCJzY2hlbWFfdmVyc2lvbiI6IjIifQ==",
          "dependencies": [
            "google_project_service.storage"
          ]
        }
      ]
    }
  ],
  "check_results": null
}
